
Microsoft Visual Studio Solution File, Format Version 12.00
# Visual Studio Version 17
VisualStudioVersion = 17.3.32929.385
MinimumVisualStudioVersion = 10.0.40219.1
Project("{FAE04EC0-301F-11D3-BF4B-00C04F79EFBC}") = "WSRQuoterAPI", "WSRQuoterAPI\WSRQuoterAPI.csproj", "{F799626C-70A1-4585-AD12-BEB26CDB78B8}"
EndProject
Global
	GlobalSection(SolutionConfigurationPlatforms) = preSolution
		Debug|Any CPU = Debug|Any CPU
		Release|Any CPU = Release|Any CPU
	EndGlobalSection
	GlobalSection(ProjectConfigurationPlatforms) = postSolution
		{F799626C-70A1-4585-AD12-BEB26CDB78B8}.Debug|Any CPU.ActiveCfg = Debug|Any CPU
		{F799626C-70A1-4585-AD12-BEB26CDB78B8}.Debug|Any CPU.Build.0 = Debug|Any CPU
		{F799626C-70A1-4585-AD12-BEB26CDB78B8}.Release|Any CPU.ActiveCfg = Release|Any CPU
		{F799626C-70A1-4585-AD12-BEB26CDB78B8}.Release|Any CPU.Build.0 = Release|Any CPU
	EndGlobalSection
	GlobalSection(SolutionProperties) = preSolution
		HideSolutionNode = FALSE
	EndGlobalSection
	GlobalSection(ExtensibilityGlobals) = postSolution
		SolutionGuid = {3045FF65-C7AE-4C76-86A5-F11A582EC844}
	EndGlobalSection
EndGlobal
